{
  "name": "fta-cli",
  "version": "2.0.1",
  "lockfileVersion": 3,
  "requires": true,
  "packages": {
    "": {
      "name": "fta-cli",
      "version": "2.0.1",
      "license": "MIT",
      "dependencies": {
        "fta-wasm": "file:../../crates/fta-wasm/pkg"
      },
      "bin": {
        "fta": "index.js"
      }
    },
    "../../crates/fta-wasm/pkg": {
      "version": "1.0.0",
      "license": "MIT OR Apache-2.0"
    },
    "node_modules/fta-wasm": {
      "resolved": "../../crates/fta-wasm/pkg",
      "link": true
    }
  }
}
